// !$*UTF8*$!
{
	archiveVersion = 1;
	classes = {
	};
	objectVersion = 77;
	objects = {

/* Begin PBXBuildFile section */
		549A4BE42E16FB1A008D82BB /* RoundButton.swift in Sources */ = {isa = PBXBuildFile; fileRef = 549A4BE32E16FB1A008D82BB /* RoundButton.swift */; };
		54D7CE522E1834DE00ACFEE5 /* CalculatorLogic.swift in Sources */ = {isa = PBXBuildFile; fileRef = 54D7CE512E1834DE00ACFEE5 /* CalculatorLogic.swift */; };
		54D7CE542E185F9400ACFEE5 /* demo.gif in Resources */ = {isa = PBXBuildFile; fileRef = 54D7CE532E185F9400ACFEE5 /* demo.gif */; };
		54EC39672E16EB6200E82F53 /* Assets.xcassets in Resources */ = {isa = PBXBuildFile; fileRef = 54EC395E2E16EB6200E82F53 /* Assets.xcassets */; };
		54EC39692E16EB6200E82F53 /* LaunchScreen.storyboard in Resources */ = {isa = PBXBuildFile; fileRef = 54EC39612E16EB6200E82F53 /* LaunchScreen.storyboard */; };
		54EC396A2E16EB6200E82F53 /* Main.storyboard in Resources */ = {isa = PBXBuildFile; fileRef = 54EC39632E16EB6200E82F53 /* Main.storyboard */; };
		54EC396B2E16EB6200E82F53 /* AppDelegate.swift in Sources */ = {isa = PBXBuildFile; fileRef = 54EC395D2E16EB6200E82F53 /* AppDelegate.swift */; };
		54EC396C2E16EB6200E82F53 /* SceneDelegate.swift in Sources */ = {isa = PBXBuildFile; fileRef = 54EC39642E16EB6200E82F53 /* SceneDelegate.swift */; };
		54EC396D2E16EB6200E82F53 /* ViewController.swift in Sources */ = {isa = PBXBuildFile; fileRef = 54EC39652E16EB6200E82F53 /* ViewController.swift */; };
/* End PBXBuildFile section */

/* Begin PBXFileReference section */
		549A4BE32E16FB1A008D82BB /* RoundButton.swift */ = {isa = PBXFileReference; lastKnownFileType = sourcecode.swift; path = RoundButton.swift; sourceTree = "<group>"; };
		54D7CE512E1834DE00ACFEE5 /* CalculatorLogic.swift */ = {isa = PBXFileReference; lastKnownFileType = sourcecode.swift; path = CalculatorLogic.swift; sourceTree = "<group>"; };
		54D7CE532E185F9400ACFEE5 /* demo.gif */ = {isa = PBXFileReference; lastKnownFileType = image.gif; path = demo.gif; sourceTree = "<group>"; };
		54EC39442E16EB3500E82F53 /* Calculator.app */ = {isa = PBXFileReference; explicitFileType = wrapper.application; includeInIndex = 0; path = Calculator.app; sourceTree = BUILT_PRODUCTS_DIR; };
		54EC395D2E16EB6200E82F53 /* AppDelegate.swift */ = {isa = PBXFileReference; lastKnownFileType = sourcecode.swift; path = AppDelegate.swift; sourceTree = "<group>"; };
		54EC395E2E16EB6200E82F53 /* Assets.xcassets */ = {isa = PBXFileReference; lastKnownFileType = folder.assetcatalog; path = Assets.xcassets; sourceTree = "<group>"; };
		54EC395F2E16EB6200E82F53 /* Info.plist */ = {isa = PBXFileReference; lastKnownFileType = text.plist.xml; path = Info.plist; sourceTree = "<group>"; };
		54EC39602E16EB6200E82F53 /* Base */ = {isa = PBXFileReference; lastKnownFileType = file.storyboard; name = Base; path = Base.lproj/LaunchScreen.storyboard; sourceTree = "<group>"; };
		54EC39622E16EB6200E82F53 /* Base */ = {isa = PBXFileReference; lastKnownFileType = file.storyboard; name = Base; path = Base.lproj/Main.storyboard; sourceTree = "<group>"; };
		54EC39642E16EB6200E82F53 /* SceneDelegate.swift */ = {isa = PBXFileReference; lastKnownFileType = sourcecode.swift; path = SceneDelegate.swift; sourceTree = "<group>"; };
		54EC39652E16EB6200E82F53 /* ViewController.swift */ = {isa = PBXFileReference; lastKnownFileType = sourcecode.swift; path = ViewController.swift; sourceTree = "<group>"; };
/* End PBXFileReference section */

/* Begin PBXFrameworksBuildPhase section */
		54EC39412E16EB3500E82F53 /* Frameworks */ = {
			isa = PBXFrameworksBuildPhase;
			buildActionMask = 2147483647;
			files = (
			);
			runOnlyForDeploymentPostprocessing = 0;
		};
/* End PBXFrameworksBuildPhase section */

/* Begin PBXGroup section */
		54EC393B2E16EB3500E82F53 = {
			isa = PBXGroup;
			children = (
				54EC39662E16EB6200E82F53 /* Calculator */,
				54EC39452E16EB3500E82F53 /* Products */,
			);
			sourceTree = "<group>";
		};
		54EC39452E16EB3500E82F53 /* Products */ = {
			isa = PBXGroup;
			children = (
				54EC39442E16EB3500E82F53 /* Calculator.app */,
			);
			name = Products;
			sourceTree = "<group>";
		};
		54EC39662E16EB6200E82F53 /* Calculator */ = {
			isa = PBXGroup;
			children = (
				54EC395D2E16EB6200E82F53 /* AppDelegate.swift */,
				54EC39642E16EB6200E82F53 /* SceneDelegate.swift */,
				54EC396E2E16EB6600E82F53 /* Model */,
				54EC39702E16EB7500E82F53 /* View */,
				54EC39712E16EB7C00E82F53 /* Controller */,
				54EC39722E16EBA800E82F53 /* Supporting Files */,
				54EC395F2E16EB6200E82F53 /* Info.plist */,
				54D7CE532E185F9400ACFEE5 /* demo.gif */,
			);
			path = Calculator;
			sourceTree = "<group>";
		};
		54EC396E2E16EB6600E82F53 /* Model */ = {
			isa = PBXGroup;
			children = (
				54D7CE512E1834DE00ACFEE5 /* CalculatorLogic.swift */,
			);
			path = Model;
			sourceTree = "<group>";
		};
		54EC39702E16EB7500E82F53 /* View */ = {
			isa = PBXGroup;
			children = (
				54EC39632E16EB6200E82F53 /* Main.storyboard */,
				549A4BE32E16FB1A008D82BB /* RoundButton.swift */,
			);
			path = View;
			sourceTree = "<group>";
		};
		54EC39712E16EB7C00E82F53 /* Controller */ = {
			isa = PBXGroup;
			children = (
				54EC39652E16EB6200E82F53 /* ViewController.swift */,
			);
			path = Controller;
			sourceTree = "<group>";
		};
		54EC39722E16EBA800E82F53 /* Supporting Files */ = {
			isa = PBXGroup;
			children = (
				54EC395E2E16EB6200E82F53 /* Assets.xcassets */,
				54EC39612E16EB6200E82F53 /* LaunchScreen.storyboard */,
			);
			path = "Supporting Files";
			sourceTree = "<group>";
		};
/* End PBXGroup section */

/* Begin PBXNativeTarget section */
		54EC39432E16EB3500E82F53 /* Calculator */ = {
			isa = PBXNativeTarget;
			buildConfigurationList = 54EC39572E16EB3700E82F53 /* Build configuration list for PBXNativeTarget "Calculator" */;
			buildPhases = (
				54EC39402E16EB3500E82F53 /* Sources */,
				54EC39412E16EB3500E82F53 /* Frameworks */,
				54EC39422E16EB3500E82F53 /* Resources */,
			);
			buildRules = (
			);
			dependencies = (
			);
			name = Calculator;
			packageProductDependencies = (
			);
			productName = Calculator;
			productReference = 54EC39442E16EB3500E82F53 /* Calculator.app */;
			productType = "com.apple.product-type.application";
		};
/* End PBXNativeTarget section */

/* Begin PBXProject section */
		54EC393C2E16EB3500E82F53 /* Project object */ = {
			isa = PBXProject;
			attributes = {
				BuildIndependentTargetsInParallel = 1;
				LastSwiftUpdateCheck = 1630;
				LastUpgradeCheck = 1630;
				TargetAttributes = {
					54EC39432E16EB3500E82F53 = {
						CreatedOnToolsVersion = 16.3;
					};
				};
			};
			buildConfigurationList = 54EC393F2E16EB3500E82F53 /* Build configuration list for PBXProject "Calculator" */;
			developmentRegion = en;
			hasScannedForEncodings = 0;
			knownRegions = (
				en,
				Base,
			);
			mainGroup = 54EC393B2E16EB3500E82F53;
			minimizedProjectReferenceProxies = 1;
			preferredProjectObjectVersion = 77;
			productRefGroup = 54EC39452E16EB3500E82F53 /* Products */;
			projectDirPath = "";
			projectRoot = "";
			targets = (
				54EC39432E16EB3500E82F53 /* Calculator */,
			);
		};
/* End PBXProject section */

/* Begin PBXResourcesBuildPhase section */
		54EC39422E16EB3500E82F53 /* Resources */ = {
			isa = PBXResourcesBuildPhase;
			buildActionMask = 2147483647;
			files = (
				54EC39672E16EB6200E82F53 /* Assets.xcassets in Resources */,
				54D7CE542E185F9400ACFEE5 /* demo.gif in Resources */,
				54EC39692E16EB6200E82F53 /* LaunchScreen.storyboard in Resources */,
				54EC396A2E16EB6200E82F53 /* Main.storyboard in Resources */,
			);
			runOnlyForDeploymentPostprocessing = 0;
		};
/* End PBXResourcesBuildPhase section */

/* Begin PBXSourcesBuildPhase section */
		54EC39402E16EB3500E82F53 /* Sources */ = {
			isa = PBXSourcesBuildPhase;
			buildActionMask = 2147483647;
			files = (
				549A4BE42E16FB1A008D82BB /* RoundButton.swift in Sources */,
				54EC396B2E16EB6200E82F53 /* AppDelegate.swift in Sources */,
				54D7CE522E1834DE00ACFEE5 /* CalculatorLogic.swift in Sources */,
				54EC396C2E16EB6200E82F53 /* SceneDelegate.swift in Sources */,
				54EC396D2E16EB6200E82F53 /* ViewController.swift in Sources */,
			);
			runOnlyForDeploymentPostprocessing = 0;
		};
/* End PBXSourcesBuildPhase section */

/* Begin PBXVariantGroup section */
		54EC39612E16EB6200E82F53 /* LaunchScreen.storyboard */ = {
			isa = PBXVariantGroup;
			children = (
				54EC39602E16EB6200E82F53 /* Base */,
			);
			name = LaunchScreen.storyboard;
			sourceTree = "<group>";
		};
		54EC39632E16EB6200E82F53 /* Main.storyboard */ = {
			isa = PBXVariantGroup;
			children = (
				54EC39622E16EB6200E82F53 /* Base */,
			);
			name = Main.storyboard;
			sourceTree = "<group>";
		};
/* End PBXVariantGroup section */

/* Begin XCBuildConfiguration section */
		54EC39582E16EB3700E82F53 /* Debug */ = {
			isa = XCBuildConfiguration;
			buildSettings = {
				ASSETCATALOG_COMPILER_APPICON_NAME = AppIcon;
				ASSETCATALOG_COMPILER_GLOBAL_ACCENT_COLOR_NAME = AccentColor;
				CODE_SIGN_STYLE = Automatic;
				CURRENT_PROJECT_VERSION = 1;
				DEVELOPMENT_TEAM = ND939278AP;
				GENERATE_INFOPLIST_FILE = YES;
				INFOPLIST_FILE = Calculator/Info.plist;
				INFOPLIST_KEY_UIApplicationSupportsIndirectInputEvents = YES;
				INFOPLIST_KEY_UILaunchStoryboardName = LaunchScreen;
				INFOPLIST_KEY_UIMainStoryboardFile = Main;
				INFOPLIST_KEY_UISupportedInterfaceOrientations = UIInterfaceOrientationPortrait;
				LD_RUNPATH_SEARCH_PATHS = (
					"$(inherited)",
					"@executable_path/Frameworks",
				);
				MARKETING_VERSION = 1.0;
				PRODUCT_BUNDLE_IDENTIFIER = br.andrevasques.Calculator;
				PRODUCT_NAME = "$(TARGET_NAME)";
				SWIFT_EMIT_LOC_STRINGS = YES;
				SWIFT_VERSION = 5.0;
				TARGETED_DEVICE_FAMILY = "1,2";
			};
			name = Debug;
		};
		54EC39592E16EB3700E82F53 /* Release */ = {
			isa = XCBuildConfiguration;
			buildSettings = {
				ASSETCATALOG_COMPILER_APPICON_NAME = AppIcon;
				ASSETCATALOG_COMPILER_GLOBAL_ACCENT_COLOR_NAME = AccentColor;
				CODE_SIGN_STYLE = Automatic;
				CURRENT_PROJECT_VERSION = 1;
				DEVELOPMENT_TEAM = ND939278AP;
				GENERATE_INFOPLIST_FILE = YES;
				INFOPLIST_FILE = Calculator/Info.plist;
				INFOPLIST_KEY_UIApplicationSupportsIndirectInputEvents = YES;
				INFOPLIST_KEY_UILaunchStoryboardName = LaunchScreen;
				INFOPLIST_KEY_UIMainStoryboardFile = Main;
				INFOPLIST_KEY_UISupportedInterfaceOrientations = UIInterfaceOrientationPortrait;
				LD_RUNPATH_SEARCH_PATHS = (
					"$(inherited)",
					"@executable_path/Frameworks",
				);
				MARKETING_VERSION = 1.0;
				PRODUCT_BUNDLE_IDENTIFIER = br.andrevasques.Calculator;
				PRODUCT_NAME = "$(TARGET_NAME)";
				SWIFT_EMIT_LOC_STRINGS = YES;
				SWIFT_VERSION = 5.0;
				TARGETED_DEVICE_FAMILY = "1,2";
			};
			name = Release;
		};
		54EC395A2E16EB3700E82F53 /* Debug */ = {
			isa = XCBuildConfiguration;
			buildSettings = {
				ALWAYS_SEARCH_USER_PATHS = NO;
				ASSETCATALOG_COMPILER_GENERATE_SWIFT_ASSET_SYMBOL_EXTENSIONS = YES;
				CLANG_ANALYZER_NONNULL = YES;
				CLANG_ANALYZER_NUMBER_OBJECT_CONVERSION = YES_AGGRESSIVE;
				CLANG_CXX_LANGUAGE_STANDARD = "gnu++20";
				CLANG_ENABLE_MODULES = YES;
				CLANG_ENABLE_OBJC_ARC = YES;
				CLANG_ENABLE_OBJC_WEAK = YES;
				CLANG_WARN_BLOCK_CAPTURE_AUTORELEASING = YES;
				CLANG_WARN_BOOL_CONVERSION = YES;
				CLANG_WARN_COMMA = YES;
				CLANG_WARN_CONSTANT_CONVERSION = YES;
				CLANG_WARN_DEPRECATED_OBJC_IMPLEMENTATIONS = YES;
				CLANG_WARN_DIRECT_OBJC_ISA_USAGE = YES_ERROR;
				CLANG_WARN_DOCUMENTATION_COMMENTS = YES;
				CLANG_WARN_EMPTY_BODY = YES;
				CLANG_WARN_ENUM_CONVERSION = YES;
				CLANG_WARN_INFINITE_RECURSION = YES;
				CLANG_WARN_INT_CONVERSION = YES;
				CLANG_WARN_NON_LITERAL_NULL_CONVERSION = YES;
				CLANG_WARN_OBJC_IMPLICIT_RETAIN_SELF = YES;
				CLANG_WARN_OBJC_LITERAL_CONVERSION = YES;
				CLANG_WARN_OBJC_ROOT_CLASS = YES_ERROR;
				CLANG_WARN_QUOTED_INCLUDE_IN_FRAMEWORK_HEADER = YES;
				CLANG_WARN_RANGE_LOOP_ANALYSIS = YES;
				CLANG_WARN_STRICT_PROTOTYPES = YES;
				CLANG_WARN_SUSPICIOUS_MOVE = YES;
				CLANG_WARN_UNGUARDED_AVAILABILITY = YES_AGGRESSIVE;
				CLANG_WARN_UNREACHABLE_CODE = YES;
				CLANG_WARN__DUPLICATE_METHOD_MATCH = YES;
				COPY_PHASE_STRIP = NO;
				DEBUG_INFORMATION_FORMAT = dwarf;
				DEVELOPMENT_TEAM = ND939278AP;
				ENABLE_STRICT_OBJC_MSGSEND = YES;
				ENABLE_TESTABILITY = YES;
				ENABLE_USER_SCRIPT_SANDBOXING = YES;
				GCC_C_LANGUAGE_STANDARD = gnu17;
				GCC_DYNAMIC_NO_PIC = NO;
				GCC_NO_COMMON_BLOCKS = YES;
				GCC_OPTIMIZATION_LEVEL = 0;
				GCC_PREPROCESSOR_DEFINITIONS = (
					"DEBUG=1",
					"$(inherited)",
				);
				GCC_WARN_64_TO_32_BIT_CONVERSION = YES;
				GCC_WARN_ABOUT_RETURN_TYPE = YES_ERROR;
				GCC_WARN_UNDECLARED_SELECTOR = YES;
				GCC_WARN_UNINITIALIZED_AUTOS = YES_AGGRESSIVE;
				GCC_WARN_UNUSED_FUNCTION = YES;
				GCC_WARN_UNUSED_VARIABLE = YES;
				IPHONEOS_DEPLOYMENT_TARGET = 18.4;
				LOCALIZATION_PREFERS_STRING_CATALOGS = YES;
				MTL_ENABLE_DEBUG_INFO = INCLUDE_SOURCE;
				MTL_FAST_MATH = YES;
				ONLY_ACTIVE_ARCH = YES;
				SDKROOT = iphoneos;
				SWIFT_ACTIVE_COMPILATION_CONDITIONS = "DEBUG $(inherited)";
				SWIFT_OPTIMIZATION_LEVEL = "-Onone";
			};
			name = Debug;
		};
		54EC395B2E16EB3700E82F53 /* Release */ = {
			isa = XCBuildConfiguration;
			buildSettings = {
				ALWAYS_SEARCH_USER_PATHS = NO;
				ASSETCATALOG_COMPILER_GENERATE_SWIFT_ASSET_SYMBOL_EXTENSIONS = YES;
				CLANG_ANALYZER_NONNULL = YES;
				CLANG_ANALYZER_NUMBER_OBJECT_CONVERSION = YES_AGGRESSIVE;
				CLANG_CXX_LANGUAGE_STANDARD = "gnu++20";
				CLANG_ENABLE_MODULES = YES;
				CLANG_ENABLE_OBJC_ARC = YES;
				CLANG_ENABLE_OBJC_WEAK = YES;
				CLANG_WARN_BLOCK_CAPTURE_AUTORELEASING = YES;
				CLANG_WARN_BOOL_CONVERSION = YES;
				CLANG_WARN_COMMA = YES;
				CLANG_WARN_CONSTANT_CONVERSION = YES;
				CLANG_WARN_DEPRECATED_OBJC_IMPLEMENTATIONS = YES;
				CLANG_WARN_DIRECT_OBJC_ISA_USAGE = YES_ERROR;
				CLANG_WARN_DOCUMENTATION_COMMENTS = YES;
				CLANG_WARN_EMPTY_BODY = YES;
				CLANG_WARN_ENUM_CONVERSION = YES;
				CLANG_WARN_INFINITE_RECURSION = YES;
				CLANG_WARN_INT_CONVERSION = YES;
				CLANG_WARN_NON_LITERAL_NULL_CONVERSION = YES;
				CLANG_WARN_OBJC_IMPLICIT_RETAIN_SELF = YES;
				CLANG_WARN_OBJC_LITERAL_CONVERSION = YES;
				CLANG_WARN_OBJC_ROOT_CLASS = YES_ERROR;
				CLANG_WARN_QUOTED_INCLUDE_IN_FRAMEWORK_HEADER = YES;
				CLANG_WARN_RANGE_LOOP_ANALYSIS = YES;
				CLANG_WARN_STRICT_PROTOTYPES = YES;
				CLANG_WARN_SUSPICIOUS_MOVE = YES;
				CLANG_WARN_UNGUARDED_AVAILABILITY = YES_AGGRESSIVE;
				CLANG_WARN_UNREACHABLE_CODE = YES;
				CLANG_WARN__DUPLICATE_METHOD_MATCH = YES;
				COPY_PHASE_STRIP = NO;
				DEBUG_INFORMATION_FORMAT = "dwarf-with-dsym";
				DEVELOPMENT_TEAM = ND939278AP;
				ENABLE_NS_ASSERTIONS = NO;
				ENABLE_STRICT_OBJC_MSGSEND = YES;
				ENABLE_USER_SCRIPT_SANDBOXING = YES;
				GCC_C_LANGUAGE_STANDARD = gnu17;
				GCC_NO_COMMON_BLOCKS = YES;
				GCC_WARN_64_TO_32_BIT_CONVERSION = YES;
				GCC_WARN_ABOUT_RETURN_TYPE = YES_ERROR;
				GCC_WARN_UNDECLARED_SELECTOR = YES;
				GCC_WARN_UNINITIALIZED_AUTOS = YES_AGGRESSIVE;
				GCC_WARN_UNUSED_FUNCTION = YES;
				GCC_WARN_UNUSED_VARIABLE = YES;
				IPHONEOS_DEPLOYMENT_TARGET = 18.4;
				LOCALIZATION_PREFERS_STRING_CATALOGS = YES;
				MTL_ENABLE_DEBUG_INFO = NO;
				MTL_FAST_MATH = YES;
				SDKROOT = iphoneos;
				SWIFT_COMPILATION_MODE = wholemodule;
				VALIDATE_PRODUCT = YES;
			};
			name = Release;
		};
/* End XCBuildConfiguration section */

/* Begin XCConfigurationList section */
		54EC393F2E16EB3500E82F53 /* Build configuration list for PBXProject "Calculator" */ = {
			isa = XCConfigurationList;
			buildConfigurations = (
				54EC395A2E16EB3700E82F53 /* Debug */,
				54EC395B2E16EB3700E82F53 /* Release */,
			);
			defaultConfigurationIsVisible = 0;
			defaultConfigurationName = Release;
		};
		54EC39572E16EB3700E82F53 /* Build configuration list for PBXNativeTarget "Calculator" */ = {
			isa = XCConfigurationList;
			buildConfigurations = (
				54EC39582E16EB3700E82F53 /* Debug */,
				54EC39592E16EB3700E82F53 /* Release */,
			);
			defaultConfigurationIsVisible = 0;
			defaultConfigurationName = Release;
		};
/* End XCConfigurationList section */
	};
	rootObject = 54EC393C2E16EB3500E82F53 /* Project object */;
}
